
Microsoft Visual Studio Solution File, Format Version 12.00
# Visual Studio Version 16
VisualStudioVersion = 16.0.29021.104
MinimumVisualStudioVersion = 10.0.40219.1
Project("{FAE04EC0-301F-11D3-BF4B-00C04F79EFBC}") = "BlazorSortableJS", "BlazorSortableJS\BlazorSortableJS.csproj", "{8BE2CC95-4A2F-4B87-98C2-65DF23E69672}"
EndProject
Project("{FAE04EC0-301F-11D3-BF4B-00C04F79EFBC}") = "BlazorSortableJS.Demo", "BlazorSortableJS.Demo\BlazorSortableJS.Demo.csproj", "{FBBB3CCA-08A3-4665-8AC1-29B76A792390}"
EndProject
Global
	GlobalSection(SolutionConfigurationPlatforms) = preSolution
		Debug|Any CPU = Debug|Any CPU
		Release|Any CPU = Release|Any CPU
	EndGlobalSection
	GlobalSection(ProjectConfigurationPlatforms) = postSolution
		{8BE2CC95-4A2F-4B87-98C2-65DF23E69672}.Debug|Any CPU.ActiveCfg = Debug|Any CPU
		{8BE2CC95-4A2F-4B87-98C2-65DF23E69672}.Debug|Any CPU.Build.0 = Debug|Any CPU
		{8BE2CC95-4A2F-4B87-98C2-65DF23E69672}.Release|Any CPU.ActiveCfg = Release|Any CPU
		{8BE2CC95-4A2F-4B87-98C2-65DF23E69672}.Release|Any CPU.Build.0 = Release|Any CPU
		{FBBB3CCA-08A3-4665-8AC1-29B76A792390}.Debug|Any CPU.ActiveCfg = Debug|Any CPU
		{FBBB3CCA-08A3-4665-8AC1-29B76A792390}.Debug|Any CPU.Build.0 = Debug|Any CPU
		{FBBB3CCA-08A3-4665-8AC1-29B76A792390}.Release|Any CPU.ActiveCfg = Release|Any CPU
		{FBBB3CCA-08A3-4665-8AC1-29B76A792390}.Release|Any CPU.Build.0 = Release|Any CPU
	EndGlobalSection
	GlobalSection(SolutionProperties) = preSolution
		HideSolutionNode = FALSE
	EndGlobalSection
	GlobalSection(ExtensibilityGlobals) = postSolution
		SolutionGuid = {1AD66C06-8D65-43BF-9DEA-2C0340338702}
	EndGlobalSection
EndGlobal
